# This file was autogenerated by Stack.
# You should not edit this file by hand.
# For more information, please see the documentation at:
#   https://docs.haskellstack.org/en/stable/lock_files

packages:
- completed:
    hackage: pandoc-2.14.0.3@sha256:aaa5fadd0421a319c42959171f2cfdf29cd6b720bbd869a7b7ce6bf248e81667,38288
    pantry-tree:
      sha256: 9e404b972c449106237cc7516bfc2b2872447b5787dc372980ae114e4f10aeeb
      size: 123857
  original:
    hackage: pandoc-2.14.0.3
- completed:
    hackage: commonmark-0.2.1@sha256:608e4a274c074938405491631edd9de9e2bca9fc6064aa43e48d19a03809bc5b,3428
    pantry-tree:
      sha256: 67140221c939aeff84ed14634ff50afe49e0ea844b61605effe800425f4dcb67
      size: 1348
  original:
    hackage: commonmark-0.2.1
- completed:
    hackage: skylighting-0.10.5.2@sha256:90645e4d79dd832591e04e7c31b20cbbf125bfc796df0b7d77faee48f2073fb2,10155
    pantry-tree:
      sha256: d1c6f232631a849df67f58885460aace4b4f7ef6418ab95e146299aecd68f3db
      size: 10982
  original:
    hackage: skylighting-0.10.5.2
- completed:
    hackage: skylighting-core-0.10.5.2@sha256:269201480cc2c6d51d654d448527e7a2ebb6e5bf08cbcd3189b08ff849041e4c,8089
    pantry-tree:
      sha256: feeea8d7c7af704ad270bf61e93051055a892fed00a4e038ae1dfa8a9ea9452a
      size: 13826
  original:
    hackage: skylighting-core-0.10.5.2
snapshots:
- completed:
    sha256: c632012da648385b9fa3c29f4e0afd56ead299f1c5528ee789058be410e883c0
    size: 585393
    url: https://raw.githubusercontent.com/commercialhaskell/stackage-snapshots/master/lts/18/0.yaml
  original: lts-18.0
